
Microsoft Visual Studio Solution File, Format Version 12.00
# Visual Studio Version 17
VisualStudioVersion = 17.12.35527.113
MinimumVisualStudioVersion = 10.0.40219.1
Project("{FAE04EC0-301F-11D3-BF4B-00C04F79EFBC}") = "BaccaratEngine.net", "BaccaratEngine\BaccaratEngine.net.csproj", "{0188292E-8C7F-4C26-9E76-284E2B79F5B0}"
EndProject
Project("{FAE04EC0-301F-11D3-BF4B-00C04F79EFBC}") = "BaccaratEngine.Tests", "BaccaratEngine.Tests\BaccaratEngine.Tests.csproj", "{AFCF4775-673D-463A-BD1E-59237DE58495}"
EndProject
Global
	GlobalSection(SolutionConfigurationPlatforms) = preSolution
		Debug|Any CPU = Debug|Any CPU
		Release|Any CPU = Release|Any CPU
	EndGlobalSection
	GlobalSection(ProjectConfigurationPlatforms) = postSolution
		{0188292E-8C7F-4C26-9E76-284E2B79F5B0}.Debug|Any CPU.ActiveCfg = Debug|Any CPU
		{0188292E-8C7F-4C26-9E76-284E2B79F5B0}.Debug|Any CPU.Build.0 = Debug|Any CPU
		{0188292E-8C7F-4C26-9E76-284E2B79F5B0}.Release|Any CPU.ActiveCfg = Release|Any CPU
		{0188292E-8C7F-4C26-9E76-284E2B79F5B0}.Release|Any CPU.Build.0 = Release|Any CPU
		{AFCF4775-673D-463A-BD1E-59237DE58495}.Debug|Any CPU.ActiveCfg = Debug|Any CPU
		{AFCF4775-673D-463A-BD1E-59237DE58495}.Debug|Any CPU.Build.0 = Debug|Any CPU
		{AFCF4775-673D-463A-BD1E-59237DE58495}.Release|Any CPU.ActiveCfg = Release|Any CPU
		{AFCF4775-673D-463A-BD1E-59237DE58495}.Release|Any CPU.Build.0 = Release|Any CPU
	EndGlobalSection
	GlobalSection(SolutionProperties) = preSolution
		HideSolutionNode = FALSE
	EndGlobalSection
EndGlobal
