
Microsoft Visual Studio Solution File, Format Version 12.00
# Visual Studio Version 17
VisualStudioVersion = 17.12.35527.113
MinimumVisualStudioVersion = 10.0.40219.1
Project("{FAE04EC0-301F-11D3-BF4B-00C04F79EFBC}") = "BaccaratEngine.net", "BaccaratEngine\BaccaratEngine.net.csproj", "{0188292E-8C7F-4C26-9E76-284E2B79F5B0}"
EndProject
Project("{FAE04EC0-301F-11D3-BF4B-00C04F79EFBC}") = "BaccaratEngine.Tests", "BaccaratEngine.Tests\BaccaratEngine.Tests.csproj", "{AFCF4775-673D-463A-BD1E-59237DE58495}"
EndProject
Project("{FAE04EC0-301F-11D3-BF4B-00C04F79EFBC}") = "RoadMapUI", "RoadMapUI\RoadMapUI.csproj", "{7A634F66-30ED-4252-AEB4-6B48F9618C44}"
EndProject
Project("{FAE04EC0-301F-11D3-BF4B-00C04F79EFBC}") = "RibbonRoadMapUI", "RibbonRoadMapUI\RibbonRoadMapUI.csproj", "{31F4B587-8091-41CC-8C17-6F26CD5CAFF0}"
EndProject
Project("{FAE04EC0-301F-11D3-BF4B-00C04F79EFBC}") = "RoadmapAnalysisUI", "RoadmapAnalysisUI\RoadmapAnalysisUI.csproj", "{B62AA282-6A91-4B9A-BE3A-F132B35DF721}"
EndProject
Global
	GlobalSection(SolutionConfigurationPlatforms) = preSolution
		Debug|Any CPU = Debug|Any CPU
		Release|Any CPU = Release|Any CPU
	EndGlobalSection
	GlobalSection(ProjectConfigurationPlatforms) = postSolution
		{0188292E-8C7F-4C26-9E76-284E2B79F5B0}.Debug|Any CPU.ActiveCfg = Debug|Any CPU
		{0188292E-8C7F-4C26-9E76-284E2B79F5B0}.Debug|Any CPU.Build.0 = Debug|Any CPU
		{0188292E-8C7F-4C26-9E76-284E2B79F5B0}.Release|Any CPU.ActiveCfg = Release|Any CPU
		{0188292E-8C7F-4C26-9E76-284E2B79F5B0}.Release|Any CPU.Build.0 = Release|Any CPU
		{AFCF4775-673D-463A-BD1E-59237DE58495}.Debug|Any CPU.ActiveCfg = Debug|Any CPU
		{AFCF4775-673D-463A-BD1E-59237DE58495}.Debug|Any CPU.Build.0 = Debug|Any CPU
		{AFCF4775-673D-463A-BD1E-59237DE58495}.Release|Any CPU.ActiveCfg = Release|Any CPU
		{AFCF4775-673D-463A-BD1E-59237DE58495}.Release|Any CPU.Build.0 = Release|Any CPU
		{7A634F66-30ED-4252-AEB4-6B48F9618C44}.Debug|Any CPU.ActiveCfg = Debug|Any CPU
		{7A634F66-30ED-4252-AEB4-6B48F9618C44}.Debug|Any CPU.Build.0 = Debug|Any CPU
		{7A634F66-30ED-4252-AEB4-6B48F9618C44}.Release|Any CPU.ActiveCfg = Release|Any CPU
		{7A634F66-30ED-4252-AEB4-6B48F9618C44}.Release|Any CPU.Build.0 = Release|Any CPU
		{31F4B587-8091-41CC-8C17-6F26CD5CAFF0}.Debug|Any CPU.ActiveCfg = Debug|Any CPU
		{31F4B587-8091-41CC-8C17-6F26CD5CAFF0}.Debug|Any CPU.Build.0 = Debug|Any CPU
		{31F4B587-8091-41CC-8C17-6F26CD5CAFF0}.Release|Any CPU.ActiveCfg = Release|Any CPU
		{31F4B587-8091-41CC-8C17-6F26CD5CAFF0}.Release|Any CPU.Build.0 = Release|Any CPU
		{B62AA282-6A91-4B9A-BE3A-F132B35DF721}.Debug|Any CPU.ActiveCfg = Debug|Any CPU
		{B62AA282-6A91-4B9A-BE3A-F132B35DF721}.Debug|Any CPU.Build.0 = Debug|Any CPU
		{B62AA282-6A91-4B9A-BE3A-F132B35DF721}.Release|Any CPU.ActiveCfg = Release|Any CPU
		{B62AA282-6A91-4B9A-BE3A-F132B35DF721}.Release|Any CPU.Build.0 = Release|Any CPU
	EndGlobalSection
	GlobalSection(SolutionProperties) = preSolution
		HideSolutionNode = FALSE
	EndGlobalSection
EndGlobal
